
Microsoft Visual Studio Solution File, Format Version 12.00
# Visual Studio Version 17
VisualStudioVersion = 17.11.35303.130
MinimumVisualStudioVersion = 10.0.40219.1
Project("{FAE04EC0-301F-11D3-BF4B-00C04F79EFBC}") = "MusicWidget", "MusicWidget\MusicWidget.csproj", "{54DE5DBF-7E9E-4E9A-B337-AC6156C2F10D}"
EndProject
Global
	GlobalSection(SolutionConfigurationPlatforms) = preSolution
		Debug|Any CPU = Debug|Any CPU
		Release|Any CPU = Release|Any CPU
	EndGlobalSection
	GlobalSection(ProjectConfigurationPlatforms) = postSolution
		{54DE5DBF-7E9E-4E9A-B337-AC6156C2F10D}.Debug|Any CPU.ActiveCfg = Debug|Any CPU
		{54DE5DBF-7E9E-4E9A-B337-AC6156C2F10D}.Debug|Any CPU.Build.0 = Debug|Any CPU
		{54DE5DBF-7E9E-4E9A-B337-AC6156C2F10D}.Release|Any CPU.ActiveCfg = Release|Any CPU
		{54DE5DBF-7E9E-4E9A-B337-AC6156C2F10D}.Release|Any CPU.Build.0 = Release|Any CPU
	EndGlobalSection
	GlobalSection(SolutionProperties) = preSolution
		HideSolutionNode = FALSE
	EndGlobalSection
	GlobalSection(ExtensibilityGlobals) = postSolution
		SolutionGuid = {E85FCC90-66B5-47DD-B6A2-B573C5C81E26}
	EndGlobalSection
EndGlobal
